<?xml version="1.0" encoding="utf-8"?>
<Project ToolsVersion="4.0" xmlns="http://schemas.microsoft.com/developer/msbuild/2003">
  <ItemGroup>
    <Filter Include="Source Files">
      <UniqueIdentifier>{4FC737F1-C7A5-4376-A066-2A32D752A2FF}</UniqueIdentifier>
      <Extensions>cpp;c;cc;cxx;def;odl;idl;hpj;bat;asm;asmx</Extensions>
    </Filter>
    <Filter Include="Header Files">
      <UniqueIdentifier>{93995380-89BD-4b04-88EB-625FBE52EBFB}</UniqueIdentifier>
      <Extensions>h;hpp;hxx;hm;inl;inc;xsd</Extensions>
    </Filter>
    <Filter Include="Resource Files">
      <UniqueIdentifier>{67DA6AB6-F800-4c08-8B7A-83BB121AAD01}</UniqueIdentifier>
      <Extensions>rc;ico;cur;bmp;dlg;rc2;rct;bin;rgs;gif;jpg;jpeg;jpe;resx;tiff;tif;png;wav;mfcribbon-ms</Extensions>
    </Filter>
    <Filter Include="Header Files\objLoader">
      <UniqueIdentifier>{0dcee9de-59e8-4280-81d8-60b25758630c}</UniqueIdentifier>
    </Filter>
    <Filter Include="Source Files\objLoader">
      <UniqueIdentifier>{a4bba7be-1d4d-4461-84c8-28ab4185edb0}</UniqueIdentifier>
    </Filter>
    <Filter Include="Header Files\gameObjects">
      <UniqueIdentifier>{aa47bebe-2708-441c-b48e-0014829acd4b}</UniqueIdentifier>
    </Filter>
    <Filter Include="Source Files\gameObjects">
      <UniqueIdentifier>{b5f080d1-12fb-4d3e-8400-19e492cbf30e}</UniqueIdentifier>
    </Filter>
    <Filter Include="Source Files\globals">
      <UniqueIdentifier>{7624f95d-0618-427b-8b42-f5d41b46ca9f}</UniqueIdentifier>
    </Filter>
    <Filter Include="Header Files\Globals">
      <UniqueIdentifier>{00b3c9e3-71c7-4ffe-a909-a00204386e9e}</UniqueIdentifier>
    </Filter>
    <Filter Include="Header Files\TextureMangement">
      <UniqueIdentifier>{eb81b936-da51-4e1e-b92c-9cbb356efd8b}</UniqueIdentifier>
    </Filter>
    <Filter Include="Header Files\RenderObjectManagement">
      <UniqueIdentifier>{fc7eef08-ea7c-4c40-9dfe-4a0e44bae712}</UniqueIdentifier>
    </Filter>
    <Filter Include="Header Files\Helper Classes">
      <UniqueIdentifier>{473f4d32-8a79-48d9-ad76-cc8f63bab4d7}</UniqueIdentifier>
    </Filter>
    <Filter Include="Source Files\Helper Classes">
      <UniqueIdentifier>{bcadd70b-a6dc-46e8-a968-96ce77a93940}</UniqueIdentifier>
    </Filter>
    <Filter Include="Source Files\RenderObjectManagement">
      <UniqueIdentifier>{ec88fe03-35de-462f-a7f5-3dce4c4e1cc3}</UniqueIdentifier>
    </Filter>
    <Filter Include="Source Files\TextureObjectManagement">
      <UniqueIdentifier>{00ae65dd-4d46-4781-b3d5-f7a83b457241}</UniqueIdentifier>
    </Filter>
  </ItemGroup>
  <ItemGroup>
    <ClInclude Include="obj_loader\list.h">
      <Filter>Header Files\objLoader</Filter>
    </ClInclude>
    <ClInclude Include="obj_loader\obj_parser.h">
      <Filter>Header Files\objLoader</Filter>
    </ClInclude>
    <ClInclude Include="obj_loader\objLoader.h">
      <Filter>Header Files\objLoader</Filter>
    </ClInclude>
    <ClInclude Include="obj_loader\string_extra.h">
      <Filter>Header Files\objLoader</Filter>
    </ClInclude>
    <ClInclude Include="CollisionBox.h">
      <Filter>Header Files\gameObjects</Filter>
    </ClInclude>
    <ClInclude Include="DrawableEntity.h">
      <Filter>Header Files\gameObjects</Filter>
    </ClInclude>
    <ClInclude Include="GameEntity.h">
      <Filter>Header Files\gameObjects</Filter>
    </ClInclude>
    <ClInclude Include="MobileEntity.h">
      <Filter>Header Files\gameObjects</Filter>
    </ClInclude>
    <ClInclude Include="WorldEntity.h">
      <Filter>Header Files\gameObjects</Filter>
    </ClInclude>
    <ClInclude Include="CameraEntity.h">
      <Filter>Header Files\gameObjects</Filter>
    </ClInclude>
    <ClInclude Include="World.h">
      <Filter>Header Files\Globals</Filter>
    </ClInclude>
    <ClInclude Include="General.h">
      <Filter>Header Files\Globals</Filter>
    </ClInclude>
    <ClInclude Include="TextureManager.h">
      <Filter>Header Files\TextureMangement</Filter>
    </ClInclude>
    <ClInclude Include="Texture.h">
      <Filter>Header Files\TextureMangement</Filter>
    </ClInclude>
    <ClInclude Include="RenderObjectManager.h">
      <Filter>Header Files\RenderObjectManagement</Filter>
    </ClInclude>
    <ClInclude Include="RenderObject.h">
      <Filter>Header Files\RenderObjectManagement</Filter>
    </ClInclude>
    <ClInclude Include="GlobalIncludes.h">
      <Filter>Header Files\Globals</Filter>
    </ClInclude>
    <ClInclude Include="Angel.h">
      <Filter>Header Files\Helper Classes</Filter>
    </ClInclude>
    <ClInclude Include="CheckError.h">
      <Filter>Header Files\Helper Classes</Filter>
    </ClInclude>
    <ClInclude Include="Exception.h">
      <Filter>Header Files\Helper Classes</Filter>
    </ClInclude>
    <ClInclude Include="mat.h">
      <Filter>Header Files\Helper Classes</Filter>
    </ClInclude>
    <ClInclude Include="SmartPointer.h">
      <Filter>Header Files\Helper Classes</Filter>
    </ClInclude>
    <ClInclude Include="vec.h">
      <Filter>Header Files\Helper Classes</Filter>
    </ClInclude>
    <ClInclude Include="Scene.h">
      <Filter>Header Files\gameObjects</Filter>
    </ClInclude>
    <ClInclude Include="Wall.h">
      <Filter>Header Files\gameObjects</Filter>
    </ClInclude>
    <ClInclude Include="Player.h">
      <Filter>Header Files\gameObjects</Filter>
    </ClInclude>
    <ClInclude Include="PointLight.h">
      <Filter>Header Files\gameObjects</Filter>
    </ClInclude>
    <ClInclude Include="StraightBulletEntity.h">
      <Filter>Header Files\gameObjects</Filter>
    </ClInclude>
    <ClInclude Include="BulletEntity.h">
      <Filter>Header Files\gameObjects</Filter>
    </ClInclude>
    <ClInclude Include="GrenadeEntity.h">
      <Filter>Header Files\gameObjects</Filter>
    </ClInclude>
    <ClInclude Include="Explosion.h">
      <Filter>Header Files\gameObjects</Filter>
    </ClInclude>
    <ClInclude Include="EnemyEntity.h">
      <Filter>Header Files\gameObjects</Filter>
    </ClInclude>
    <ClInclude Include="Engine.h">
      <Filter>Header Files\Globals</Filter>
    </ClInclude>
    <ClInclude Include="TurretEntity.h">
      <Filter>Header Files\gameObjects</Filter>
    </ClInclude>
    <ClInclude Include="WanderingEnemy.h">
      <Filter>Header Files</Filter>
    </ClInclude>
    <ClInclude Include="Shield.h">
      <Filter>Header Files\gameObjects</Filter>
    </ClInclude>
    <ClInclude Include="CurvyBulletEntity.h">
      <Filter>Header Files\gameObjects</Filter>
    </ClInclude>
    <ClInclude Include="Quaternion.h">
      <Filter>Header Files\Helper Classes</Filter>
    </ClInclude>
    <ClInclude Include="Text2D.h">
      <Filter>Header Files\Helper Classes</Filter>
    </ClInclude>
  </ItemGroup>
  <ItemGroup>
    <ClCompile Include="test_main.cpp">
      <Filter>Source Files</Filter>
    </ClCompile>
    <ClCompile Include="obj_loader\objTester.cpp">
      <Filter>Source Files\objLoader</Filter>
    </ClCompile>
    <ClCompile Include="obj_loader\string_extra.cpp">
      <Filter>Source Files\objLoader</Filter>
    </ClCompile>
    <ClCompile Include="obj_loader\list.cpp">
      <Filter>Source Files\objLoader</Filter>
    </ClCompile>
    <ClCompile Include="obj_loader\obj_parser.cpp">
      <Filter>Source Files\objLoader</Filter>
    </ClCompile>
    <ClCompile Include="obj_loader\objLoader.cpp">
      <Filter>Source Files\objLoader</Filter>
    </ClCompile>
    <ClCompile Include="main.cpp">
      <Filter>Source Files</Filter>
    </ClCompile>
    <ClCompile Include="CollisionBox.cpp">
      <Filter>Source Files\gameObjects</Filter>
    </ClCompile>
    <ClCompile Include="GameEntity.cpp">
      <Filter>Source Files\gameObjects</Filter>
    </ClCompile>
    <ClCompile Include="Player.cpp">
      <Filter>Source Files\gameObjects</Filter>
    </ClCompile>
    <ClCompile Include="WorldEntity.cpp">
      <Filter>Source Files\gameObjects</Filter>
    </ClCompile>
    <ClCompile Include="world.cpp">
      <Filter>Source Files\globals</Filter>
    </ClCompile>
    <ClCompile Include="general.cpp">
      <Filter>Source Files\globals</Filter>
    </ClCompile>
    <ClCompile Include="InitShader.cpp">
      <Filter>Source Files\Helper Classes</Filter>
    </ClCompile>
    <ClCompile Include="RenderObjectManager.cpp">
      <Filter>Source Files\RenderObjectManagement</Filter>
    </ClCompile>
    <ClCompile Include="RenderObject.cpp">
      <Filter>Source Files\RenderObjectManagement</Filter>
    </ClCompile>
    <ClCompile Include="Texture.cpp">
      <Filter>Source Files\TextureObjectManagement</Filter>
    </ClCompile>
    <ClCompile Include="TextureManager.cpp">
      <Filter>Source Files\TextureObjectManagement</Filter>
    </ClCompile>
    <ClCompile Include="CameraEntity.cpp">
      <Filter>Source Files\gameObjects</Filter>
    </ClCompile>
    <ClCompile Include="Engine.cpp">
      <Filter>Source Files\globals</Filter>
    </ClCompile>
    <ClCompile Include="mobileEntity.cpp">
      <Filter>Source Files\gameObjects</Filter>
    </ClCompile>
    <ClCompile Include="WanderingEnemy.cpp">
      <Filter>Source Files</Filter>
    </ClCompile>
    <ClCompile Include="Quaternion.cpp">
      <Filter>Source Files\Helper Classes</Filter>
    </ClCompile>
    <ClCompile Include="Text2D.cpp">
      <Filter>Source Files\Helper Classes</Filter>
    </ClCompile>
  </ItemGroup>
  <ItemGroup>
    <None Include="resources\PhongShader_vertex.glsl">
      <Filter>Resource Files</Filter>
    </None>
    <None Include="resources\PhongShader_fragment.glsl">
      <Filter>Resource Files</Filter>
    </None>
  </ItemGroup>
</Project>